{
  "version": 1,
  "dependencies": {
    "net8.0": {
      "Microsoft.SourceLink.GitHub": {
        "type": "Direct",
        "requested": "[1.1.1, )",
        "resolved": "1.1.1",
        "contentHash": "IaJGnOv/M7UQjRJks7B6p7pbPnOwisYGOIzqCz5ilGFTApZ3ktOR+6zJ12ZRPInulBmdAf1SrGdDG2MU8g6XTw==",
        "dependencies": {
          "Microsoft.Build.Tasks.Git": "1.1.1",
          "Microsoft.SourceLink.Common": "1.1.1"
        }
      },
      "StyleCop.Analyzers": {
        "type": "Direct",
        "requested": "[1.1.118, )",
        "resolved": "1.1.118",
        "contentHash": "Onx6ovGSqXSK07n/0eM3ZusiNdB6cIlJdabQhWGgJp3Vooy9AaLS/tigeybOJAobqbtggTamoWndz72JscZBvw=="
      },
      "Microsoft.AspNetCore.Cryptography.Internal": {
        "type": "Transitive",
        "resolved": "8.0.0-rc.2.23480.2",
        "contentHash": "tKntvcTnmTwF5/jZcmp+8T1PwIajEdMQZ8dSdiZHnzOp6oTImqdhKO+EUaiH5SlnkMb/P1yoFAqS/sAqP9o7Og=="
      },
      "Microsoft.AspNetCore.DataProtection": {
        "type": "Transitive",
        "resolved": "8.0.0-rc.2.23480.2",
        "contentHash": "C6tBZg3PFpJiGSQ+1yxUaDsJJwOYS0Ew2vZNICvUsjL+c1+XBChkNEY5Q/lTkNzS2BwDyNQLVV+snNd16uRF9g==",
        "dependencies": {
          "Microsoft.AspNetCore.Cryptography.Internal": "8.0.0-rc.2.23480.2",
          "Microsoft.AspNetCore.DataProtection.Abstractions": "8.0.0-rc.2.23480.2",
          "Microsoft.Extensions.DependencyInjection.Abstractions": "8.0.0-rc.2.23479.6",
          "Microsoft.Extensions.Hosting.Abstractions": "8.0.0-rc.2.23479.6",
          "Microsoft.Extensions.Logging.Abstractions": "8.0.0-rc.2.23479.6",
          "Microsoft.Extensions.Options": "8.0.0-rc.2.23479.6",
          "System.Security.Cryptography.Xml": "8.0.0-rc.2.23479.6"
        }
      },
      "Microsoft.AspNetCore.DataProtection.Abstractions": {
        "type": "Transitive",
        "resolved": "8.0.0-rc.2.23480.2",
        "contentHash": "o18JeO/ObzhorRbkScBue+RiVWB0A47o664WyCMdgXvHzjy3ZqYVPEuH3LvtTeP1qfqCLYZBbWSUEN0Hy9WGuA=="
      },
      "Microsoft.AspNetCore.DataProtection.StackExchangeRedis": {
        "type": "Transitive",
        "resolved": "8.0.0-rc.2.23480.2",
        "contentHash": "y1JMKc8kt4Gj+cLY0l7LvwkfiFQEtIEA1LJHbUOdYa9yCAC0NYcivpMVoPqPdwAqqp7gB75zxM1HoDJZqovpjA==",
        "dependencies": {
          "Microsoft.AspNetCore.DataProtection": "8.0.0-rc.2.23480.2",
          "StackExchange.Redis": "2.6.122"
        }
      },
      "Microsoft.Build.Tasks.Git": {
        "type": "Transitive",
        "resolved": "1.1.1",
        "contentHash": "AT3HlgTjsqHnWpBHSNeR0KxbLZD7bztlZVj7I8vgeYG9SYqbeFGh0TM/KVtC6fg53nrWHl3VfZFvb5BiQFcY6Q=="
      },
      "Microsoft.Extensions.Caching.Abstractions": {
        "type": "Transitive",
        "resolved": "8.0.0-rc.2.23479.6",
        "contentHash": "8Rg0MN55ETBZHzTBWBduYfhlzOqxdSjSKmr2XBN+hprkrFp66CAx6wCkz4jNL0CFFySmEvzT3Gh3hz+FQRoZHw==",
        "dependencies": {
          "Microsoft.Extensions.Primitives": "8.0.0-rc.2.23479.6"
        }
      },
      "Microsoft.Extensions.Caching.StackExchangeRedis": {
        "type": "Transitive",
        "resolved": "8.0.0-rc.2.23480.2",
        "contentHash": "P2sNalGJA8q/CsPjOdaIxjbHqFqfB0nK27leZLXOgge6gLhYFxLurHyoy8YUxGE6JM3HK6889RjyU2nP93cFfA==",
        "dependencies": {
          "Microsoft.Extensions.Caching.Abstractions": "8.0.0-rc.2.23479.6",
          "Microsoft.Extensions.Logging.Abstractions": "8.0.0-rc.2.23479.6",
          "Microsoft.Extensions.Options": "8.0.0-rc.2.23479.6",
          "StackExchange.Redis": "2.6.122"
        }
      },
      "Microsoft.Extensions.Configuration.Abstractions": {
        "type": "Transitive",
        "resolved": "8.0.0-rc.2.23479.6",
        "contentHash": "l9dJA7vNLJtSwg0J3ThUA47YZiRVQIIhCyMMNu/wJ0KOawdMmbrzJnKfd1sioZp0JzT+1IjiVaUZWK0t47pPOQ==",
        "dependencies": {
          "Microsoft.Extensions.Primitives": "8.0.0-rc.2.23479.6"
        }
      },
      "Microsoft.Extensions.DependencyInjection.Abstractions": {
        "type": "Transitive",
        "resolved": "8.0.0-rc.2.23479.6",
        "contentHash": "QLTBDvE/E05Xl2UVFXOBFIW0VLn/mMJ8DSbTyK6ODsO3sqDs0fyPqydACTnX/nbGZRrTMeud3XDbUrt24ab1EA=="
      },
      "Microsoft.Extensions.Diagnostics.Abstractions": {
        "type": "Transitive",
        "resolved": "8.0.0-rc.2.23479.6",
        "contentHash": "AuJAzE869SAnztIP7RNCKaihJpCKajS519g+Nmd7CorXc6Y559ygx/nm9JVCAm8cGEbedPhCyvTIkWnCsLV1GA==",
        "dependencies": {
          "Microsoft.Extensions.DependencyInjection.Abstractions": "8.0.0-rc.2.23479.6",
          "Microsoft.Extensions.Options": "8.0.0-rc.2.23479.6",
          "System.Diagnostics.DiagnosticSource": "8.0.0-rc.2.23479.6"
        }
      },
      "Microsoft.Extensions.FileProviders.Abstractions": {
        "type": "Transitive",
        "resolved": "8.0.0-rc.2.23479.6",
        "contentHash": "o7G1lHK9/gXYyVNh6AuUC5sCM6sWWbH1fgBlsju6ZSgG5dfrEQKJPxO7pTJNA2AGhjw7hi9MnuexbaBUg1gakg==",
        "dependencies": {
          "Microsoft.Extensions.Primitives": "8.0.0-rc.2.23479.6"
        }
      },
      "Microsoft.Extensions.Hosting.Abstractions": {
        "type": "Transitive",
        "resolved": "8.0.0-rc.2.23479.6",
        "contentHash": "w0OmksSzyWzQOiWYqzNIHz/fjI+fOapCMRr5Vp2bQ3YD1LLFXrYPpBQstSZEdoSk6TqzBkCi6kW5C1foz3KcKg==",
        "dependencies": {
          "Microsoft.Extensions.Configuration.Abstractions": "8.0.0-rc.2.23479.6",
          "Microsoft.Extensions.DependencyInjection.Abstractions": "8.0.0-rc.2.23479.6",
          "Microsoft.Extensions.Diagnostics.Abstractions": "8.0.0-rc.2.23479.6",
          "Microsoft.Extensions.FileProviders.Abstractions": "8.0.0-rc.2.23479.6",
          "Microsoft.Extensions.Logging.Abstractions": "8.0.0-rc.2.23479.6"
        }
      },
      "Microsoft.Extensions.Logging.Abstractions": {
        "type": "Transitive",
        "resolved": "8.0.0-rc.2.23479.6",
        "contentHash": "xuQcOpvz76nTYytCf9HrHGCbMq/PU/ZGSkhX/grDBfWHZ1gjz38hDjrYn4NMr5DnndNtou4yn6tR5q0hjCr9pw==",
        "dependencies": {
          "Microsoft.Extensions.DependencyInjection.Abstractions": "8.0.0-rc.2.23479.6"
        }
      },
      "Microsoft.Extensions.Options": {
        "type": "Transitive",
        "resolved": "8.0.0-rc.2.23479.6",
        "contentHash": "f2uTnKEleplKK+pVKEg1rOCmM3+cuLpafTpKJzbj9lm8dmj0+dWxb0L6MAt9r1s3OYlIKY5IdkW0TUFKXvRCMg==",
        "dependencies": {
          "Microsoft.Extensions.DependencyInjection.Abstractions": "8.0.0-rc.2.23479.6",
          "Microsoft.Extensions.Primitives": "8.0.0-rc.2.23479.6"
        }
      },
      "Microsoft.Extensions.Primitives": {
        "type": "Transitive",
        "resolved": "8.0.0-rc.2.23479.6",
        "contentHash": "I3fTiDmV+2cCR3VjH+oz49AMgrAqX1cmNiWXmEAituAI7jCLA16uXzvYQTwxhQzov5BTdPVXKGNTxsMb1GpcLQ=="
      },
      "Microsoft.SourceLink.Common": {
        "type": "Transitive",
        "resolved": "1.1.1",
        "contentHash": "WMcGpWKrmJmzrNeuaEb23bEMnbtR/vLmvZtkAP5qWu7vQsY59GqfRJd65sFpBszbd2k/bQ8cs8eWawQKAabkVg=="
      },
      "Newtonsoft.Json": {
        "type": "Transitive",
        "resolved": "13.0.3",
        "contentHash": "HrC5BXdl00IP9zeV+0Z848QWPAoCr9P3bDEZguI+gkLcBKAOxix/tLEAAHC+UvDNPv4a2d18lOReHMOagPa+zQ=="
      },
      "Pipelines.Sockets.Unofficial": {
        "type": "Transitive",
        "resolved": "2.2.8",
        "contentHash": "zG2FApP5zxSx6OcdJQLbZDk2AVlN2BNQD6MorwIfV6gVj0RRxWPEp2LXAxqDGZqeNV1Zp0BNPcNaey/GXmTdvQ==",
        "dependencies": {
          "System.IO.Pipelines": "5.0.1"
        }
      },
      "StackExchange.Redis": {
        "type": "Transitive",
        "resolved": "2.6.122",
        "contentHash": "wp7mvGpFXaevfZ07/SDeh/6YHUJEgwJIGyjbDWKBYbPwKMJQYFz9zFEmBptqtVzqvSgft5nlewwutoaMaG0LPA==",
        "dependencies": {
          "Pipelines.Sockets.Unofficial": "2.2.8"
        }
      },
      "System.Diagnostics.DiagnosticSource": {
        "type": "Transitive",
        "resolved": "8.0.0-rc.2.23479.6",
        "contentHash": "D1Fi5wRyRVwriEdlSniYlo2kW8SCGaSCM/alsY8R7eXcW+xCPRB7gohE45X00EiNkhdUrJ3yNfltV8lLK0HoWQ=="
      },
      "System.Formats.Asn1": {
        "type": "Transitive",
        "resolved": "8.0.0-rc.2.23479.6",
        "contentHash": "A1p1/ATQf4KawXEDccim1SUrZBlEg/fEzQ9U8WnmY63xe3PIIxNRDa0sz+D7SOiMJvA/7Z3TzuTdpg4qQqJj2w=="
      },
      "System.IO.Pipelines": {
        "type": "Transitive",
        "resolved": "5.0.1",
        "contentHash": "qEePWsaq9LoEEIqhbGe6D5J8c9IqQOUuTzzV6wn1POlfdLkJliZY3OlB0j0f17uMWlqZYjH7txj+2YbyrIA8Yg=="
      },
      "System.Security.Cryptography.Pkcs": {
        "type": "Transitive",
        "resolved": "8.0.0-rc.2.23479.6",
        "contentHash": "2es7eO33NRs8q639HHhwF45WV1L/gPuR2c43gTRFD0uwIM/iFQr7VK13PQoYPPxh/8AczRvEPXGwjwXJ+KQ7yw==",
        "dependencies": {
          "System.Formats.Asn1": "8.0.0-rc.2.23479.6"
        }
      },
      "System.Security.Cryptography.Xml": {
        "type": "Transitive",
        "resolved": "8.0.0-rc.2.23479.6",
        "contentHash": "KMZO15nAqQjDx81k2mA7ewG0UPmsiopTnaAA05tf7bwAP8/7AM5BHfrqVCksd3Lh2aoOgV/bzEn/BMkottgxkw==",
        "dependencies": {
          "System.Security.Cryptography.Pkcs": "8.0.0-rc.2.23479.6"
        }
      },
      "ZString": {
        "type": "Transitive",
        "resolved": "2.5.1",
        "contentHash": "hHZnrIZAgda8j9n2gR4M7GbETcjr6EBo4CUnMtK8o2MgkgzARg+Y7XI142nNOpRRuup1LJb12/gd/tMhzwdw8g=="
      },
      "orchardcore.abstractions": {
        "type": "Project",
        "dependencies": {
          "Newtonsoft.Json": "[13.0.3, )",
          "ZString": "[2.5.1, )"
        }
      },
      "orchardcore.data.abstractions": {
        "type": "Project",
        "dependencies": {
          "OrchardCore.Abstractions": "[1.8.0-preview, )",
          "OrchardCore.Queries.Abstractions": "[1.8.0-preview, )"
        }
      },
      "orchardcore.infrastructure.abstractions": {
        "type": "Project",
        "dependencies": {
          "OrchardCore.Abstractions": "[1.8.0-preview, )",
          "OrchardCore.Data.Abstractions": "[1.8.0-preview, )",
          "OrchardCore.ResourceManagement.Abstractions": "[1.8.0-preview, )"
        }
      },
      "orchardcore.module.targets": {
        "type": "Project",
        "dependencies": {
          "OrchardCore.Abstractions": "[1.8.0-preview, )"
        }
      },
      "orchardcore.queries.abstractions": {
        "type": "Project"
      },
      "orchardcore.redis.abstractions": {
        "type": "Project",
        "dependencies": {
          "Microsoft.AspNetCore.DataProtection.StackExchangeRedis": "[8.0.0-rc.2.23480.2, )",
          "Microsoft.Extensions.Caching.StackExchangeRedis": "[8.0.0-rc.2.23480.2, )",
          "OrchardCore.Abstractions": "[1.8.0-preview, )",
          "StackExchange.Redis": "[2.6.122, )"
        }
      },
      "orchardcore.resourcemanagement.abstractions": {
        "type": "Project"
      }
    }
  }
}