{
  "version": 1,
  "dependencies": {
    "net8.0": {
      "Microsoft.AspNetCore.Authentication.MicrosoftAccount": {
        "type": "Direct",
        "requested": "[8.0.0-rc.2.23480.2, )",
        "resolved": "8.0.0-rc.2.23480.2",
        "contentHash": "u8o1dKLBKdC/QNHU7tgLOJnY2vsqlYxv/PQXp2v7fJk/DbWTxgEY/hSzmkTsYwznn/1YASk+drEGN+Kdi10Bhg=="
      },
      "Microsoft.Identity.Web": {
        "type": "Direct",
        "requested": "[2.15.3, )",
        "resolved": "2.15.3",
        "contentHash": "VvQdUQYG0ZZtyEzRyjZxszIcc3oEUHpRT13UQiWrjcGlpp1M6vYOQOToslWt3ozK10rozvdlkLvnyY4MDP/Czw==",
        "dependencies": {
          "Microsoft.Extensions.Http": "3.1.3",
          "Microsoft.Identity.Web.Certificate": "2.15.3",
          "Microsoft.Identity.Web.Certificateless": "2.15.3",
          "Microsoft.Identity.Web.TokenAcquisition": "2.15.3",
          "Microsoft.Identity.Web.TokenCache": "2.15.3",
          "Microsoft.IdentityModel.Protocols.OpenIdConnect": "7.0.3",
          "Microsoft.IdentityModel.Validators": "7.0.3",
          "System.Drawing.Common": "4.7.2",
          "System.IdentityModel.Tokens.Jwt": "7.0.3",
          "System.Text.Encodings.Web": "8.0.0-rc.2.23479.6"
        }
      },
      "Microsoft.SourceLink.GitHub": {
        "type": "Direct",
        "requested": "[1.1.1, )",
        "resolved": "1.1.1",
        "contentHash": "IaJGnOv/M7UQjRJks7B6p7pbPnOwisYGOIzqCz5ilGFTApZ3ktOR+6zJ12ZRPInulBmdAf1SrGdDG2MU8g6XTw==",
        "dependencies": {
          "Microsoft.Build.Tasks.Git": "1.1.1",
          "Microsoft.SourceLink.Common": "1.1.1"
        }
      },
      "StyleCop.Analyzers": {
        "type": "Direct",
        "requested": "[1.1.118, )",
        "resolved": "1.1.118",
        "contentHash": "Onx6ovGSqXSK07n/0eM3ZusiNdB6cIlJdabQhWGgJp3Vooy9AaLS/tigeybOJAobqbtggTamoWndz72JscZBvw=="
      },
      "Azure.Core": {
        "type": "Transitive",
        "resolved": "1.35.0",
        "contentHash": "hENcx03Jyuqv05F4RBEPbxz29UrM3Nbhnr6Wl6NQpoU9BCIbL3XLentrxDCTrH54NLS11Exxi/o8MYgT/cnKFA==",
        "dependencies": {
          "Microsoft.Bcl.AsyncInterfaces": "1.1.1",
          "System.Diagnostics.DiagnosticSource": "6.0.1",
          "System.Memory.Data": "1.0.2",
          "System.Numerics.Vectors": "4.5.0",
          "System.Text.Encodings.Web": "4.7.2",
          "System.Text.Json": "4.7.2",
          "System.Threading.Tasks.Extensions": "4.5.4"
        }
      },
      "Azure.Identity": {
        "type": "Transitive",
        "resolved": "1.10.2",
        "contentHash": "jfq07QnxB7Rx15DWHxIfZbdbgICL1IARncBPIYmnmF+1Xqn6KqiF6ijlKv2hj82WFr9kUi+jzU8zVqrBocJZ8A==",
        "dependencies": {
          "Azure.Core": "1.35.0",
          "Microsoft.Identity.Client": "4.54.1",
          "Microsoft.Identity.Client.Extensions.Msal": "2.31.0",
          "System.Memory": "4.5.4",
          "System.Security.Cryptography.ProtectedData": "4.7.0",
          "System.Text.Json": "4.7.2",
          "System.Threading.Tasks.Extensions": "4.5.4"
        }
      },
      "Azure.Security.KeyVault.Certificates": {
        "type": "Transitive",
        "resolved": "4.1.0",
        "contentHash": "I+irkjO1JBzJWYBLhW835/b7GllxkjMbQwrirhxUJsf6FQnH+eIGin4T/jBLgyuu1zPsn2AxiUFju6Shb/uiNA==",
        "dependencies": {
          "Azure.Core": "1.0.2",
          "System.Memory": "4.5.3",
          "System.Text.Json": "4.6.0",
          "System.Threading.Tasks.Extensions": "4.5.2"
        }
      },
      "Azure.Security.KeyVault.Secrets": {
        "type": "Transitive",
        "resolved": "4.1.0",
        "contentHash": "SK4XTPEaXI5UTdtSkr8TN4ZKnvazNHhybnnkxHgOyRAhV9ObcIjbrNlhS4ZeR8XtI+HidL+v/WIIVfR1+jKB8Q==",
        "dependencies": {
          "Azure.Core": "1.0.2",
          "System.Memory": "4.5.3",
          "System.Text.Json": "4.6.0",
          "System.Threading.Tasks.Extensions": "4.5.2"
        }
      },
      "Castle.Core": {
        "type": "Transitive",
        "resolved": "5.1.1",
        "contentHash": "rpYtIczkzGpf+EkZgDr9CClTdemhsrwA/W5hMoPjLkRFnXzH44zDLoovXeKtmxb1ykXK9aJVODSpiJml8CTw2g==",
        "dependencies": {
          "System.Diagnostics.EventLog": "6.0.0"
        }
      },
      "Fluid.Core": {
        "type": "Transitive",
        "resolved": "2.5.0",
        "contentHash": "XrCupimfbdYIWpW64j3irIPRpV0UOBgUOiZTXAq00YhSzq/LAMG2fzVIXbUo6Xxfl3ywTY48yF4A9Lj2jABj5w==",
        "dependencies": {
          "Microsoft.Extensions.FileProviders.Abstractions": "1.1.1",
          "Parlot": "0.0.24",
          "TimeZoneConverter": "6.0.1"
        }
      },
      "Microsoft.AspNetCore.Authentication.JwtBearer": {
        "type": "Transitive",
        "resolved": "8.0.0-rc.2.23480.2",
        "contentHash": "dYwrAmzLMq+gb4wPZlezpltYizdL/dn3RM6xiEkNif0yCUx4omYlTNrQdchENOF9I/aryhnEnLkvFO1+Wv4UCw==",
        "dependencies": {
          "Microsoft.IdentityModel.Protocols.OpenIdConnect": "7.0.0"
        }
      },
      "Microsoft.AspNetCore.Authentication.OpenIdConnect": {
        "type": "Transitive",
        "resolved": "8.0.0-rc.2.23480.2",
        "contentHash": "Boe+o0Mg5B+paRJklQkC9ylmmbM2Od/5Z1Pnf7BHQw1qgZc2InxDSbL5QnOYB1Z83pgLhhDUTaiTiAVqWWGKUg==",
        "dependencies": {
          "Microsoft.IdentityModel.Protocols.OpenIdConnect": "7.0.0"
        }
      },
      "Microsoft.AspNetCore.Cryptography.Internal": {
        "type": "Transitive",
        "resolved": "8.0.0-rc.2.23480.2",
        "contentHash": "tKntvcTnmTwF5/jZcmp+8T1PwIajEdMQZ8dSdiZHnzOp6oTImqdhKO+EUaiH5SlnkMb/P1yoFAqS/sAqP9o7Og=="
      },
      "Microsoft.AspNetCore.DataProtection": {
        "type": "Transitive",
        "resolved": "8.0.0-rc.2.23480.2",
        "contentHash": "C6tBZg3PFpJiGSQ+1yxUaDsJJwOYS0Ew2vZNICvUsjL+c1+XBChkNEY5Q/lTkNzS2BwDyNQLVV+snNd16uRF9g==",
        "dependencies": {
          "Microsoft.AspNetCore.Cryptography.Internal": "8.0.0-rc.2.23480.2",
          "Microsoft.AspNetCore.DataProtection.Abstractions": "8.0.0-rc.2.23480.2",
          "Microsoft.Extensions.DependencyInjection.Abstractions": "8.0.0-rc.2.23479.6",
          "Microsoft.Extensions.Hosting.Abstractions": "8.0.0-rc.2.23479.6",
          "Microsoft.Extensions.Logging.Abstractions": "8.0.0-rc.2.23479.6",
          "Microsoft.Extensions.Options": "8.0.0-rc.2.23479.6",
          "System.Security.Cryptography.Xml": "8.0.0-rc.2.23479.6"
        }
      },
      "Microsoft.AspNetCore.DataProtection.Abstractions": {
        "type": "Transitive",
        "resolved": "8.0.0-rc.2.23480.2",
        "contentHash": "o18JeO/ObzhorRbkScBue+RiVWB0A47o664WyCMdgXvHzjy3ZqYVPEuH3LvtTeP1qfqCLYZBbWSUEN0Hy9WGuA=="
      },
      "Microsoft.AspNetCore.JsonPatch": {
        "type": "Transitive",
        "resolved": "8.0.0-rc.2.23480.2",
        "contentHash": "RyT7QMfpdtmS0M+djlPcKpTv9dlsPJjAyUukm9kCN9i03FzYW6jaFJlbjP7LuIz5Nm2TO/RSqdnbFrG4/3Az7w==",
        "dependencies": {
          "Microsoft.CSharp": "4.7.0",
          "Newtonsoft.Json": "13.0.3"
        }
      },
      "Microsoft.AspNetCore.Mvc.NewtonsoftJson": {
        "type": "Transitive",
        "resolved": "8.0.0-rc.2.23480.2",
        "contentHash": "gufz0dWR4OhS5q2amkkNNydhIr/FO1C6tC69xLty0bvI1UkCD1Z84jJ+c8ExTEDAQb22Pqa7PdzsLqXdkxmgqg==",
        "dependencies": {
          "Microsoft.AspNetCore.JsonPatch": "8.0.0-rc.2.23480.2",
          "Newtonsoft.Json": "13.0.3",
          "Newtonsoft.Json.Bson": "1.0.2"
        }
      },
      "Microsoft.AspNetCore.Mvc.Razor.Extensions": {
        "type": "Transitive",
        "resolved": "6.0.0",
        "contentHash": "M0h+ChPgydX2xY17agiphnAVa/Qh05RAP8eeuqGGhQKT10claRBlLNO6d2/oSV8zy0RLHzwLnNZm5xuC/gckGA==",
        "dependencies": {
          "Microsoft.AspNetCore.Razor.Language": "6.0.0",
          "Microsoft.CodeAnalysis.Razor": "6.0.0"
        }
      },
      "Microsoft.AspNetCore.Mvc.Razor.RuntimeCompilation": {
        "type": "Transitive",
        "resolved": "8.0.0-rc.2.23480.2",
        "contentHash": "RqSIln2wIelGTbjI+sK8BA7ZU9jvU10GStG6VLmM0lgsh0ldg5O4VuRfeJyESXUoaqh34cPqCgZYu2c0zZsSzA==",
        "dependencies": {
          "Microsoft.AspNetCore.Mvc.Razor.Extensions": "6.0.0",
          "Microsoft.CodeAnalysis.Razor": "6.0.0",
          "Microsoft.Extensions.DependencyModel": "8.0.0-rc.2.23479.6"
        }
      },
      "Microsoft.AspNetCore.Razor.Language": {
        "type": "Transitive",
        "resolved": "6.0.0",
        "contentHash": "yCtBr1GSGzJrrp1NJUb4ltwFYMKHw/tJLnIDvg9g/FnkGIEzmE19tbCQqXARIJv5kdtBgsoVIdGLL+zmjxvM/A=="
      },
      "Microsoft.Bcl.AsyncInterfaces": {
        "type": "Transitive",
        "resolved": "1.1.1",
        "contentHash": "yuvf07qFWFqtK3P/MRkEKLhn5r2UbSpVueRziSqj0yJQIKFwG1pq9mOayK3zE5qZCTs0CbrwL9M6R8VwqyGy2w=="
      },
      "Microsoft.Build.Tasks.Git": {
        "type": "Transitive",
        "resolved": "1.1.1",
        "contentHash": "AT3HlgTjsqHnWpBHSNeR0KxbLZD7bztlZVj7I8vgeYG9SYqbeFGh0TM/KVtC6fg53nrWHl3VfZFvb5BiQFcY6Q=="
      },
      "Microsoft.CodeAnalysis.Analyzers": {
        "type": "Transitive",
        "resolved": "3.3.2",
        "contentHash": "7xt6zTlIEizUgEsYAIgm37EbdkiMmr6fP6J9pDoKEpiGM4pi32BCPGr/IczmSJI9Zzp0a6HOzpr9OvpMP+2veA=="
      },
      "Microsoft.CodeAnalysis.Common": {
        "type": "Transitive",
        "resolved": "4.0.0",
        "contentHash": "d02ybMhUJl1r/dI6SkJPHrTiTzXBYCZeJdOLMckV+jyoMU/GGkjqFX/sRbv1K0QmlpwwKuLTiYVQvfYC+8ox2g==",
        "dependencies": {
          "Microsoft.CodeAnalysis.Analyzers": "3.3.2",
          "System.Collections.Immutable": "5.0.0",
          "System.Memory": "4.5.4",
          "System.Reflection.Metadata": "5.0.0",
          "System.Runtime.CompilerServices.Unsafe": "5.0.0",
          "System.Text.Encoding.CodePages": "4.5.1",
          "System.Threading.Tasks.Extensions": "4.5.4"
        }
      },
      "Microsoft.CodeAnalysis.CSharp": {
        "type": "Transitive",
        "resolved": "4.0.0",
        "contentHash": "2UVTGtyQGgTCazvnT6t82f+7AV2L+kqJdyb61rT9GQed4yK+tVh5IkaKcsm70VqyZQhBbDqsfZFNHnY65xhrRw==",
        "dependencies": {
          "Microsoft.CodeAnalysis.Common": "[4.0.0]"
        }
      },
      "Microsoft.CodeAnalysis.Razor": {
        "type": "Transitive",
        "resolved": "6.0.0",
        "contentHash": "uqdzuQXxD7XrJCbIbbwpI/LOv0PBJ9VIR0gdvANTHOfK5pjTaCir+XcwvYvBZ5BIzd0KGzyiamzlEWw1cK1q0w==",
        "dependencies": {
          "Microsoft.AspNetCore.Razor.Language": "6.0.0",
          "Microsoft.CodeAnalysis.CSharp": "4.0.0",
          "Microsoft.CodeAnalysis.Common": "4.0.0"
        }
      },
      "Microsoft.CSharp": {
        "type": "Transitive",
        "resolved": "4.7.0",
        "contentHash": "pTj+D3uJWyN3My70i2Hqo+OXixq3Os2D1nJ2x92FFo6sk8fYS1m1WLNTs0Dc1uPaViH0YvEEwvzddQ7y4rhXmA=="
      },
      "Microsoft.Extensions.Caching.Abstractions": {
        "type": "Transitive",
        "resolved": "8.0.0-rc.2.23479.6",
        "contentHash": "8Rg0MN55ETBZHzTBWBduYfhlzOqxdSjSKmr2XBN+hprkrFp66CAx6wCkz4jNL0CFFySmEvzT3Gh3hz+FQRoZHw==",
        "dependencies": {
          "Microsoft.Extensions.Primitives": "8.0.0-rc.2.23479.6"
        }
      },
      "Microsoft.Extensions.Caching.Memory": {
        "type": "Transitive",
        "resolved": "8.0.0-rc.2.23479.6",
        "contentHash": "F8ptJyqu8j9ttZzgpBr2WbqWfF6IaACCnyJwHNrItb+JyVi01aZKKooKHbnVf6uvWMZrKTJ5YDlF4sy8U6JZtQ==",
        "dependencies": {
          "Microsoft.Extensions.Caching.Abstractions": "8.0.0-rc.2.23479.6",
          "Microsoft.Extensions.DependencyInjection.Abstractions": "8.0.0-rc.2.23479.6",
          "Microsoft.Extensions.Logging.Abstractions": "8.0.0-rc.2.23479.6",
          "Microsoft.Extensions.Options": "8.0.0-rc.2.23479.6",
          "Microsoft.Extensions.Primitives": "8.0.0-rc.2.23479.6"
        }
      },
      "Microsoft.Extensions.Configuration.Abstractions": {
        "type": "Transitive",
        "resolved": "8.0.0-rc.2.23479.6",
        "contentHash": "l9dJA7vNLJtSwg0J3ThUA47YZiRVQIIhCyMMNu/wJ0KOawdMmbrzJnKfd1sioZp0JzT+1IjiVaUZWK0t47pPOQ==",
        "dependencies": {
          "Microsoft.Extensions.Primitives": "8.0.0-rc.2.23479.6"
        }
      },
      "Microsoft.Extensions.Configuration.Binder": {
        "type": "Transitive",
        "resolved": "8.0.0-rc.2.23479.6",
        "contentHash": "PCaxgxWQQ9Tp7s2ZGQ5gGgHJrZvof7Cx4ZYXACNGjSJqZy1fHLBGY9swBAF3EiYiZaT3Gi1n5ULcg4zBDyBQ8g==",
        "dependencies": {
          "Microsoft.Extensions.Configuration.Abstractions": "8.0.0-rc.2.23479.6"
        }
      },
      "Microsoft.Extensions.DependencyInjection": {
        "type": "Transitive",
        "resolved": "8.0.0-rc.2.23479.6",
        "contentHash": "pUD/Gjd0MTrWPD4/SnKazYQvky2EHEtPyGb3FWZkEPWAfYPFVVw5fMRTkfoBPivpWLuxEw4FNK7GX77xEErUQQ==",
        "dependencies": {
          "Microsoft.Extensions.DependencyInjection.Abstractions": "8.0.0-rc.2.23479.6"
        }
      },
      "Microsoft.Extensions.DependencyInjection.Abstractions": {
        "type": "Transitive",
        "resolved": "8.0.0-rc.2.23479.6",
        "contentHash": "QLTBDvE/E05Xl2UVFXOBFIW0VLn/mMJ8DSbTyK6ODsO3sqDs0fyPqydACTnX/nbGZRrTMeud3XDbUrt24ab1EA=="
      },
      "Microsoft.Extensions.DependencyModel": {
        "type": "Transitive",
        "resolved": "8.0.0-rc.2.23479.6",
        "contentHash": "TmxRse+FDFhu4Bp+izSrVJyu6JcwFhaDmb61LPRRFGLa0hh7nYm4SeryOEYKMWReuqlK9to6t8Tn1m5ySGK/8g==",
        "dependencies": {
          "System.Text.Encodings.Web": "8.0.0-rc.2.23479.6",
          "System.Text.Json": "8.0.0-rc.2.23479.6"
        }
      },
      "Microsoft.Extensions.Diagnostics.Abstractions": {
        "type": "Transitive",
        "resolved": "8.0.0-rc.2.23479.6",
        "contentHash": "AuJAzE869SAnztIP7RNCKaihJpCKajS519g+Nmd7CorXc6Y559ygx/nm9JVCAm8cGEbedPhCyvTIkWnCsLV1GA==",
        "dependencies": {
          "Microsoft.Extensions.DependencyInjection.Abstractions": "8.0.0-rc.2.23479.6",
          "Microsoft.Extensions.Options": "8.0.0-rc.2.23479.6",
          "System.Diagnostics.DiagnosticSource": "8.0.0-rc.2.23479.6"
        }
      },
      "Microsoft.Extensions.FileProviders.Abstractions": {
        "type": "Transitive",
        "resolved": "8.0.0-rc.2.23479.6",
        "contentHash": "o7G1lHK9/gXYyVNh6AuUC5sCM6sWWbH1fgBlsju6ZSgG5dfrEQKJPxO7pTJNA2AGhjw7hi9MnuexbaBUg1gakg==",
        "dependencies": {
          "Microsoft.Extensions.Primitives": "8.0.0-rc.2.23479.6"
        }
      },
      "Microsoft.Extensions.Hosting.Abstractions": {
        "type": "Transitive",
        "resolved": "8.0.0-rc.2.23479.6",
        "contentHash": "w0OmksSzyWzQOiWYqzNIHz/fjI+fOapCMRr5Vp2bQ3YD1LLFXrYPpBQstSZEdoSk6TqzBkCi6kW5C1foz3KcKg==",
        "dependencies": {
          "Microsoft.Extensions.Configuration.Abstractions": "8.0.0-rc.2.23479.6",
          "Microsoft.Extensions.DependencyInjection.Abstractions": "8.0.0-rc.2.23479.6",
          "Microsoft.Extensions.Diagnostics.Abstractions": "8.0.0-rc.2.23479.6",
          "Microsoft.Extensions.FileProviders.Abstractions": "8.0.0-rc.2.23479.6",
          "Microsoft.Extensions.Logging.Abstractions": "8.0.0-rc.2.23479.6"
        }
      },
      "Microsoft.Extensions.Http": {
        "type": "Transitive",
        "resolved": "3.1.3",
        "contentHash": "QV5ODk9CFm+//AsZQSm8sH33Li1a19PTy44Ln+FCd7YnNRcxxXgZGNCdQtJpKFBpaLjfdfaGUfqWWq3LID1GdA==",
        "dependencies": {
          "Microsoft.Extensions.DependencyInjection.Abstractions": "3.1.3",
          "Microsoft.Extensions.Logging": "3.1.3",
          "Microsoft.Extensions.Options": "3.1.3"
        }
      },
      "Microsoft.Extensions.Logging": {
        "type": "Transitive",
        "resolved": "8.0.0-rc.2.23479.6",
        "contentHash": "EqCB9QQYUHUVklT1Us38PuiHNIAbYHVnAvPEpR8VSBbiCa1GUIOdW+zLR8Cvb9XtjDkirVA+eH84z0ktikPw5Q==",
        "dependencies": {
          "Microsoft.Extensions.DependencyInjection": "8.0.0-rc.2.23479.6",
          "Microsoft.Extensions.Logging.Abstractions": "8.0.0-rc.2.23479.6",
          "Microsoft.Extensions.Options": "8.0.0-rc.2.23479.6"
        }
      },
      "Microsoft.Extensions.Logging.Abstractions": {
        "type": "Transitive",
        "resolved": "8.0.0-rc.2.23479.6",
        "contentHash": "xuQcOpvz76nTYytCf9HrHGCbMq/PU/ZGSkhX/grDBfWHZ1gjz38hDjrYn4NMr5DnndNtou4yn6tR5q0hjCr9pw==",
        "dependencies": {
          "Microsoft.Extensions.DependencyInjection.Abstractions": "8.0.0-rc.2.23479.6"
        }
      },
      "Microsoft.Extensions.Options": {
        "type": "Transitive",
        "resolved": "8.0.0-rc.2.23479.6",
        "contentHash": "f2uTnKEleplKK+pVKEg1rOCmM3+cuLpafTpKJzbj9lm8dmj0+dWxb0L6MAt9r1s3OYlIKY5IdkW0TUFKXvRCMg==",
        "dependencies": {
          "Microsoft.Extensions.DependencyInjection.Abstractions": "8.0.0-rc.2.23479.6",
          "Microsoft.Extensions.Primitives": "8.0.0-rc.2.23479.6"
        }
      },
      "Microsoft.Extensions.Options.ConfigurationExtensions": {
        "type": "Transitive",
        "resolved": "8.0.0-rc.2.23479.6",
        "contentHash": "KTRXGMIX1A99qYV94ioU9XeWUgftfivS7NWIe4wrCdBYV9G915kvCJEcAU9QeUlogN8t53nqPY+RQUMUTvFGkg==",
        "dependencies": {
          "Microsoft.Extensions.Configuration.Abstractions": "8.0.0-rc.2.23479.6",
          "Microsoft.Extensions.Configuration.Binder": "8.0.0-rc.2.23479.6",
          "Microsoft.Extensions.DependencyInjection.Abstractions": "8.0.0-rc.2.23479.6",
          "Microsoft.Extensions.Options": "8.0.0-rc.2.23479.6",
          "Microsoft.Extensions.Primitives": "8.0.0-rc.2.23479.6"
        }
      },
      "Microsoft.Extensions.Primitives": {
        "type": "Transitive",
        "resolved": "8.0.0-rc.2.23479.6",
        "contentHash": "I3fTiDmV+2cCR3VjH+oz49AMgrAqX1cmNiWXmEAituAI7jCLA16uXzvYQTwxhQzov5BTdPVXKGNTxsMb1GpcLQ=="
      },
      "Microsoft.Identity.Abstractions": {
        "type": "Transitive",
        "resolved": "5.0.0",
        "contentHash": "JQ8j8bGSCciGqiMQX1PW9LpUsoWWV8XOT3CfgeQ9apgbY4+AccOA/Jcz0lyoq2TCxGcJVNNVFTvFdYqtXKtZnA=="
      },
      "Microsoft.Identity.Client": {
        "type": "Transitive",
        "resolved": "4.57.0",
        "contentHash": "cE6FQvNIh9Brcok/JztOQa3t62XftatH7+Oi/PK6HbQAIpKyAuIj/ac4P9VrwPW+S2MkLR1/jEY5rXpLoHBC/w==",
        "dependencies": {
          "Microsoft.IdentityModel.Abstractions": "6.22.0"
        }
      },
      "Microsoft.Identity.Client.Extensions.Msal": {
        "type": "Transitive",
        "resolved": "2.31.0",
        "contentHash": "IhGSqN0szneKC5Qk3/okJQJbDpQfLW/+mvslhzJPox4t2UuIkA2ZHe4w/z62ASye46G9sQWF9qqLXTgNacE2xQ==",
        "dependencies": {
          "Microsoft.Identity.Client": "4.54.1",
          "System.IO.FileSystem.AccessControl": "5.0.0",
          "System.Security.Cryptography.ProtectedData": "4.5.0"
        }
      },
      "Microsoft.Identity.Web.Certificate": {
        "type": "Transitive",
        "resolved": "2.15.3",
        "contentHash": "0gXvLRbHb79eprdShFTMWHNBOzIQJlMziJzMbFLMvTr390RAkmY8ltE1UpxDtsN3udHyXSLyIDggOfaASAad1w==",
        "dependencies": {
          "Azure.Identity": "1.10.2",
          "Azure.Security.KeyVault.Certificates": "4.1.0",
          "Azure.Security.KeyVault.Secrets": "4.1.0",
          "Microsoft.Identity.Abstractions": "5.0.0",
          "Microsoft.Identity.Web.Certificateless": "2.15.3",
          "Microsoft.Identity.Web.Diagnostics": "2.15.3",
          "System.Text.Encodings.Web": "8.0.0-rc.2.23479.6"
        }
      },
      "Microsoft.Identity.Web.Certificateless": {
        "type": "Transitive",
        "resolved": "2.15.3",
        "contentHash": "IqifMnVdnAQviHC+NRzXBtwoT/KiGKkYJiWA36NIz9tQ2F4wVQzb/IIV3vJ4uASZfenJrxUkXvCLaIrVe5gZJg==",
        "dependencies": {
          "Azure.Identity": "1.10.2",
          "Microsoft.Extensions.Logging.Abstractions": "2.1.0",
          "Microsoft.IdentityModel.JsonWebTokens": "6.33.0",
          "System.Text.Encodings.Web": "4.7.2"
        }
      },
      "Microsoft.Identity.Web.Diagnostics": {
        "type": "Transitive",
        "resolved": "2.15.3",
        "contentHash": "lCmmeg52XquoF71ajR18DtaUFL2IjbZOyShQNGeroAfDrOBAYfawEpTmd42aCoEDVWfyBIx8Bb6xKBjA4xAiSw=="
      },
      "Microsoft.Identity.Web.TokenAcquisition": {
        "type": "Transitive",
        "resolved": "2.15.3",
        "contentHash": "UyNWxZSJJdaPpilhc6iF9QPlXVudLXbelmm/hyYv+XYbyPCVDIOJy2/vWPg8Uk4eR4L6vvVZhfFkaXfU98aSSw==",
        "dependencies": {
          "Microsoft.AspNetCore.Authentication.JwtBearer": "8.0.0-rc.2.23480.2",
          "Microsoft.AspNetCore.Authentication.OpenIdConnect": "8.0.0-rc.2.23480.2",
          "Microsoft.Extensions.Http": "3.1.3",
          "Microsoft.Extensions.Options.ConfigurationExtensions": "8.0.0-rc.2.23479.6",
          "Microsoft.Identity.Abstractions": "5.0.0",
          "Microsoft.Identity.Web.Certificate": "2.15.3",
          "Microsoft.Identity.Web.Certificateless": "2.15.3",
          "Microsoft.Identity.Web.TokenCache": "2.15.3",
          "Microsoft.IdentityModel.Logging": "7.0.3",
          "Microsoft.IdentityModel.LoggingExtensions": "7.0.3",
          "Microsoft.IdentityModel.Protocols.OpenIdConnect": "7.0.3",
          "System.IdentityModel.Tokens.Jwt": "7.0.3",
          "System.Text.Encodings.Web": "8.0.0-rc.2.23479.6"
        }
      },
      "Microsoft.Identity.Web.TokenCache": {
        "type": "Transitive",
        "resolved": "2.15.3",
        "contentHash": "o69mBCsyr/lRQlb0Oc0/yqFnr8drmmVXD+ofpc6AQ9I13SBpFjB5xit+w/NXpi9wnVa9TqbX60M4RYS41hcwFQ==",
        "dependencies": {
          "Microsoft.AspNetCore.DataProtection": "8.0.0-rc.2.23480.2",
          "Microsoft.Extensions.Caching.Memory": "8.0.0-rc.2.23479.6",
          "Microsoft.Extensions.Logging": "8.0.0-rc.2.23479.6",
          "Microsoft.Identity.Client": "4.57.0",
          "Microsoft.Identity.Web.Diagnostics": "2.15.3",
          "System.Drawing.Common": "4.7.2",
          "System.Security.Cryptography.Pkcs": "8.0.0-rc.2.23479.6",
          "System.Security.Cryptography.Xml": "8.0.0-rc.2.23479.6",
          "System.Text.Encodings.Web": "8.0.0-rc.2.23479.6"
        }
      },
      "Microsoft.IdentityModel.Abstractions": {
        "type": "Transitive",
        "resolved": "7.0.3",
        "contentHash": "cfPUWdjigLIRIJSKz3uaZxShgf86RVDXHC1VEEchj1gnY25akwPYpbrfSoIGDCqA9UmOMdlctq411+2pAViFow=="
      },
      "Microsoft.IdentityModel.JsonWebTokens": {
        "type": "Transitive",
        "resolved": "7.0.3",
        "contentHash": "vxjHVZbMKD3rVdbvKhzAW+7UiFrYToUVm3AGmYfKSOAwyhdLl/ELX1KZr+FaLyyS5VReIzWRWJfbOuHM9i6ywg==",
        "dependencies": {
          "Microsoft.IdentityModel.Tokens": "7.0.3"
        }
      },
      "Microsoft.IdentityModel.Logging": {
        "type": "Transitive",
        "resolved": "7.0.3",
        "contentHash": "b6GbGO+2LOTBEccHhqoJsOsmemG4A/MY+8H0wK/ewRhiG+DCYwEnucog1cSArPIY55zcn+XdZl0YEiUHkpDISQ==",
        "dependencies": {
          "Microsoft.IdentityModel.Abstractions": "7.0.3"
        }
      },
      "Microsoft.IdentityModel.LoggingExtensions": {
        "type": "Transitive",
        "resolved": "7.0.3",
        "contentHash": "pHE4qi0bQ2qF6iLETujdynoH8tx5poNnhprsRmGLPZGNqCxlW1E1EoGDCWQadOEy7RdI9+N4785WKxEElKHzcA==",
        "dependencies": {
          "Microsoft.Extensions.Logging.Abstractions": "2.1.1",
          "Microsoft.IdentityModel.Abstractions": "7.0.3"
        }
      },
      "Microsoft.IdentityModel.Protocols": {
        "type": "Transitive",
        "resolved": "7.0.3",
        "contentHash": "BtwR+tctBYhPNygyZmt1Rnw74GFrJteW+1zcdIgyvBCjkek6cNwPPqRfdhzCv61i+lwyNomRi8+iI4QKd4YCKA==",
        "dependencies": {
          "Microsoft.IdentityModel.Logging": "7.0.3",
          "Microsoft.IdentityModel.Tokens": "7.0.3"
        }
      },
      "Microsoft.IdentityModel.Protocols.OpenIdConnect": {
        "type": "Transitive",
        "resolved": "7.0.3",
        "contentHash": "W97TraHApDNArLwpPcXfD+FZH7njJsfEwZE9y9BoofeXMS8H0LBBobz0VOmYmMK4mLdOKxzN7SFT3Ekg0FWI3Q==",
        "dependencies": {
          "Microsoft.IdentityModel.Protocols": "7.0.3",
          "System.IdentityModel.Tokens.Jwt": "7.0.3"
        }
      },
      "Microsoft.IdentityModel.Tokens": {
        "type": "Transitive",
        "resolved": "7.0.3",
        "contentHash": "wB+LlbDjhnJ98DULjmFepqf9eEMh/sDs6S6hFh68iNRHmwollwhxk+nbSSfpA5+j+FbRyNskoaY4JsY1iCOKCg==",
        "dependencies": {
          "Microsoft.IdentityModel.Logging": "7.0.3"
        }
      },
      "Microsoft.IdentityModel.Validators": {
        "type": "Transitive",
        "resolved": "7.0.3",
        "contentHash": "+nvtDjBpvuXr2NsgsRk6B64rsbNpPMKuKhEXrPF2F/YSw5fWUjnzWf1B3hr+ia+CdcLRQYesVlDZbXF7Q0JdRA==",
        "dependencies": {
          "Microsoft.IdentityModel.Protocols": "7.0.3",
          "Microsoft.IdentityModel.Protocols.OpenIdConnect": "7.0.3",
          "Microsoft.IdentityModel.Tokens": "7.0.3",
          "System.IdentityModel.Tokens.Jwt": "7.0.3"
        }
      },
      "Microsoft.NETCore.Platforms": {
        "type": "Transitive",
        "resolved": "5.0.0",
        "contentHash": "VyPlqzH2wavqquTcYpkIIAQ6WdenuKoFN0BdYBbCWsclXacSOHNQn66Gt4z5NBqEYW0FAPm5rlvki9ZiCij5xQ=="
      },
      "Microsoft.SourceLink.Common": {
        "type": "Transitive",
        "resolved": "1.1.1",
        "contentHash": "WMcGpWKrmJmzrNeuaEb23bEMnbtR/vLmvZtkAP5qWu7vQsY59GqfRJd65sFpBszbd2k/bQ8cs8eWawQKAabkVg=="
      },
      "Microsoft.Win32.SystemEvents": {
        "type": "Transitive",
        "resolved": "4.7.0",
        "contentHash": "mtVirZr++rq+XCDITMUdnETD59XoeMxSpLRIII7JRI6Yj0LEDiO1pPn0ktlnIj12Ix8bfvQqQDMMIF9wC98oCA==",
        "dependencies": {
          "Microsoft.NETCore.Platforms": "3.1.0"
        }
      },
      "Newtonsoft.Json": {
        "type": "Transitive",
        "resolved": "13.0.3",
        "contentHash": "HrC5BXdl00IP9zeV+0Z848QWPAoCr9P3bDEZguI+gkLcBKAOxix/tLEAAHC+UvDNPv4a2d18lOReHMOagPa+zQ=="
      },
      "Newtonsoft.Json.Bson": {
        "type": "Transitive",
        "resolved": "1.0.2",
        "contentHash": "QYFyxhaABwmq3p/21VrZNYvCg3DaEoN/wUuw5nmfAf0X3HLjgupwhkEWdgfb9nvGAUIv3osmZoD3kKl4jxEmYQ==",
        "dependencies": {
          "Newtonsoft.Json": "12.0.1"
        }
      },
      "Parlot": {
        "type": "Transitive",
        "resolved": "0.0.24",
        "contentHash": "jdhTa3NK1Vy8CdiWitfIPfQfmg9KvEdrVSYU6wquPQxF4FfGGtuTZyeduUDWDwU51ql6X9o/mDpHqHQQUy5k6w=="
      },
      "System.Collections.Immutable": {
        "type": "Transitive",
        "resolved": "5.0.0",
        "contentHash": "FXkLXiK0sVVewcso0imKQoOxjoPAj42R8HtjjbSjVPAzwDfzoyoznWxgA3c38LDbN9SJux1xXoXYAhz98j7r2g=="
      },
      "System.Diagnostics.DiagnosticSource": {
        "type": "Transitive",
        "resolved": "8.0.0-rc.2.23479.6",
        "contentHash": "D1Fi5wRyRVwriEdlSniYlo2kW8SCGaSCM/alsY8R7eXcW+xCPRB7gohE45X00EiNkhdUrJ3yNfltV8lLK0HoWQ=="
      },
      "System.Diagnostics.EventLog": {
        "type": "Transitive",
        "resolved": "6.0.0",
        "contentHash": "lcyUiXTsETK2ALsZrX+nWuHSIQeazhqPphLfaRxzdGaG93+0kELqpgEHtwWOlQe7+jSFnKwaCAgL4kjeZCQJnw=="
      },
      "System.Drawing.Common": {
        "type": "Transitive",
        "resolved": "4.7.2",
        "contentHash": "I2y4KBK3VCvU/WqE2xv7NjQ67maXHttkFSHYKgU2evrG9Yqh0oFjfORXt5hZTk+BVjdyFo2h0/YQZsca33BGmg==",
        "dependencies": {
          "Microsoft.NETCore.Platforms": "3.1.4",
          "Microsoft.Win32.SystemEvents": "4.7.0"
        }
      },
      "System.Formats.Asn1": {
        "type": "Transitive",
        "resolved": "8.0.0-rc.2.23479.6",
        "contentHash": "A1p1/ATQf4KawXEDccim1SUrZBlEg/fEzQ9U8WnmY63xe3PIIxNRDa0sz+D7SOiMJvA/7Z3TzuTdpg4qQqJj2w=="
      },
      "System.IdentityModel.Tokens.Jwt": {
        "type": "Transitive",
        "resolved": "7.0.3",
        "contentHash": "caEe+OpQNYNiyZb+DJpUVROXoVySWBahko2ooNfUcllxa9ZQUM8CgM/mDjP6AoFn6cQU9xMmG+jivXWub8cbGg==",
        "dependencies": {
          "Microsoft.IdentityModel.JsonWebTokens": "7.0.3",
          "Microsoft.IdentityModel.Tokens": "7.0.3"
        }
      },
      "System.IO.FileSystem.AccessControl": {
        "type": "Transitive",
        "resolved": "5.0.0",
        "contentHash": "SxHB3nuNrpptVk+vZ/F+7OHEpoHUIKKMl02bUmYHQr1r+glbZQxs7pRtsf4ENO29TVm2TH3AEeep2fJcy92oYw==",
        "dependencies": {
          "System.Security.AccessControl": "5.0.0",
          "System.Security.Principal.Windows": "5.0.0"
        }
      },
      "System.Memory": {
        "type": "Transitive",
        "resolved": "4.5.4",
        "contentHash": "1MbJTHS1lZ4bS4FmsJjnuGJOu88ZzTT2rLvrhW7Ygic+pC0NWA+3hgAen0HRdsocuQXCkUTdFn9yHJJhsijDXw=="
      },
      "System.Memory.Data": {
        "type": "Transitive",
        "resolved": "1.0.2",
        "contentHash": "JGkzeqgBsiZwKJZ1IxPNsDFZDhUvuEdX8L8BDC8N3KOj+6zMcNU28CNN59TpZE/VJYy9cP+5M+sbxtWJx3/xtw==",
        "dependencies": {
          "System.Text.Encodings.Web": "4.7.2",
          "System.Text.Json": "4.6.0"
        }
      },
      "System.Numerics.Vectors": {
        "type": "Transitive",
        "resolved": "4.5.0",
        "contentHash": "QQTlPTl06J/iiDbJCiepZ4H//BVraReU4O4EoRw1U02H5TLUIT7xn3GnDp9AXPSlJUDyFs4uWjWafNX6WrAojQ=="
      },
      "System.Reflection.Metadata": {
        "type": "Transitive",
        "resolved": "5.0.0",
        "contentHash": "5NecZgXktdGg34rh1OenY1rFNDCI8xSjFr+Z4OU4cU06AQHUdRnIIEeWENu3Wl4YowbzkymAIMvi3WyK9U53pQ=="
      },
      "System.Runtime.CompilerServices.Unsafe": {
        "type": "Transitive",
        "resolved": "5.0.0",
        "contentHash": "ZD9TMpsmYJLrxbbmdvhwt9YEgG5WntEnZ/d1eH8JBX9LBp+Ju8BSBhUGbZMNVHHomWo2KVImJhTDl2hIgw/6MA=="
      },
      "System.Security.AccessControl": {
        "type": "Transitive",
        "resolved": "5.0.0",
        "contentHash": "dagJ1mHZO3Ani8GH0PHpPEe/oYO+rVdbQjvjJkBRNQkX4t0r1iaeGn8+/ybkSLEan3/slM0t59SVdHzuHf2jmw==",
        "dependencies": {
          "Microsoft.NETCore.Platforms": "5.0.0",
          "System.Security.Principal.Windows": "5.0.0"
        }
      },
      "System.Security.Cryptography.Pkcs": {
        "type": "Transitive",
        "resolved": "8.0.0-rc.2.23479.6",
        "contentHash": "2es7eO33NRs8q639HHhwF45WV1L/gPuR2c43gTRFD0uwIM/iFQr7VK13PQoYPPxh/8AczRvEPXGwjwXJ+KQ7yw==",
        "dependencies": {
          "System.Formats.Asn1": "8.0.0-rc.2.23479.6"
        }
      },
      "System.Security.Cryptography.ProtectedData": {
        "type": "Transitive",
        "resolved": "4.7.0",
        "contentHash": "ehYW0m9ptxpGWvE4zgqongBVWpSDU/JCFD4K7krxkQwSz/sFQjEXCUqpvencjy6DYDbn7Ig09R8GFffu8TtneQ=="
      },
      "System.Security.Cryptography.Xml": {
        "type": "Transitive",
        "resolved": "8.0.0-rc.2.23479.6",
        "contentHash": "KMZO15nAqQjDx81k2mA7ewG0UPmsiopTnaAA05tf7bwAP8/7AM5BHfrqVCksd3Lh2aoOgV/bzEn/BMkottgxkw==",
        "dependencies": {
          "System.Security.Cryptography.Pkcs": "8.0.0-rc.2.23479.6"
        }
      },
      "System.Security.Principal.Windows": {
        "type": "Transitive",
        "resolved": "5.0.0",
        "contentHash": "t0MGLukB5WAVU9bO3MGzvlGnyJPgUlcwerXn1kzBRjwLKixT96XV0Uza41W49gVd8zEMFu9vQEFlv0IOrytICA=="
      },
      "System.Text.Encoding.CodePages": {
        "type": "Transitive",
        "resolved": "4.5.1",
        "contentHash": "4J2JQXbftjPMppIHJ7IC+VXQ9XfEagN92vZZNoG12i+zReYlim5dMoXFC1Zzg7tsnKDM7JPo5bYfFK4Jheq44w==",
        "dependencies": {
          "Microsoft.NETCore.Platforms": "2.1.2",
          "System.Runtime.CompilerServices.Unsafe": "4.5.2"
        }
      },
      "System.Text.Encodings.Web": {
        "type": "Transitive",
        "resolved": "8.0.0-rc.2.23479.6",
        "contentHash": "n66ZIJjetmrMq9hJ61Xed2cp9O2zr/VdzhhURjkLDEFOZ38/VpOWnvM3CWCXA18NbM7x0tdKZYex9rj0NimpPA=="
      },
      "System.Text.Json": {
        "type": "Transitive",
        "resolved": "8.0.0-rc.2.23479.6",
        "contentHash": "SXMjrmm/e0Om+731AEUgm+81dC+i9mV54nKJGOq9+zTYpzujMCmSQSMS1sgQb0gmiiAfTfRC5WgD3l92cfAP+g==",
        "dependencies": {
          "System.Text.Encodings.Web": "8.0.0-rc.2.23479.6"
        }
      },
      "System.Threading.Tasks.Extensions": {
        "type": "Transitive",
        "resolved": "4.5.4",
        "contentHash": "zteT+G8xuGu6mS+mzDzYXbzS7rd3K6Fjb9RiZlYlJPam2/hU7JCBZBVEcywNuR+oZ1ncTvc/cq0faRr3P01OVg=="
      },
      "TimeZoneConverter": {
        "type": "Transitive",
        "resolved": "6.0.1",
        "contentHash": "vvhLOgRSOvfq5fBv0/Dd1S3N7K2ibO5wp06B5AkuxUpXkgv2aDHw9jB5ZvPg83y9sy+jF9qE7qWybMK46BXBuw=="
      },
      "YesSql.Abstractions": {
        "type": "Transitive",
        "resolved": "3.4.0",
        "contentHash": "BtTIKX1ASP4x4i4EibVBaEBwVKmJPHc0I2LxfWBB5WkGEKvHDgmRVNKB5QuGVh1hQnog6VsCir4pokayAjpeXQ==",
        "dependencies": {
          "Microsoft.Extensions.Logging.Abstractions": "3.1.0"
        }
      },
      "ZString": {
        "type": "Transitive",
        "resolved": "2.5.1",
        "contentHash": "hHZnrIZAgda8j9n2gR4M7GbETcjr6EBo4CUnMtK8o2MgkgzARg+Y7XI142nNOpRRuup1LJb12/gd/tMhzwdw8g=="
      },
      "orchardcore.abstractions": {
        "type": "Project",
        "dependencies": {
          "Newtonsoft.Json": "[13.0.3, )",
          "ZString": "[2.5.1, )"
        }
      },
      "orchardcore.admin.abstractions": {
        "type": "Project",
        "dependencies": {
          "OrchardCore.Abstractions": "[1.8.0-preview, )",
          "OrchardCore.Infrastructure.Abstractions": "[1.8.0-preview, )"
        }
      },
      "orchardcore.contentmanagement.abstractions": {
        "type": "Project",
        "dependencies": {
          "Newtonsoft.Json": "[13.0.3, )",
          "OrchardCore.Data.YesSql.Abstractions": "[1.8.0-preview, )"
        }
      },
      "orchardcore.data.abstractions": {
        "type": "Project",
        "dependencies": {
          "OrchardCore.Abstractions": "[1.8.0-preview, )",
          "OrchardCore.Queries.Abstractions": "[1.8.0-preview, )"
        }
      },
      "orchardcore.data.yessql.abstractions": {
        "type": "Project",
        "dependencies": {
          "OrchardCore.Abstractions": "[1.8.0-preview, )",
          "OrchardCore.Data.Abstractions": "[1.8.0-preview, )",
          "YesSql.Abstractions": "[3.4.0, )"
        }
      },
      "orchardcore.deployment.abstractions": {
        "type": "Project",
        "dependencies": {
          "OrchardCore.DisplayManagement": "[1.8.0-preview, )",
          "OrchardCore.Recipes.Abstractions": "[1.8.0-preview, )"
        }
      },
      "orchardcore.displaymanagement": {
        "type": "Project",
        "dependencies": {
          "Castle.Core": "[5.1.1, )",
          "OrchardCore.DisplayManagement.Abstractions": "[1.8.0-preview, )",
          "OrchardCore.Infrastructure.Abstractions": "[1.8.0-preview, )",
          "OrchardCore.Liquid.Abstractions": "[1.8.0-preview, )",
          "OrchardCore.Localization.Abstractions": "[1.8.0-preview, )",
          "OrchardCore.Mvc.Core": "[1.8.0-preview, )"
        }
      },
      "orchardcore.displaymanagement.abstractions": {
        "type": "Project"
      },
      "orchardcore.infrastructure.abstractions": {
        "type": "Project",
        "dependencies": {
          "OrchardCore.Abstractions": "[1.8.0-preview, )",
          "OrchardCore.Data.Abstractions": "[1.8.0-preview, )",
          "OrchardCore.ResourceManagement.Abstractions": "[1.8.0-preview, )"
        }
      },
      "orchardcore.liquid.abstractions": {
        "type": "Project",
        "dependencies": {
          "Fluid.Core": "[2.5.0, )"
        }
      },
      "orchardcore.localization.abstractions": {
        "type": "Project"
      },
      "orchardcore.module.targets": {
        "type": "Project",
        "dependencies": {
          "OrchardCore.Abstractions": "[1.8.0-preview, )"
        }
      },
      "orchardcore.mvc.core": {
        "type": "Project",
        "dependencies": {
          "Microsoft.AspNetCore.Mvc.NewtonsoftJson": "[8.0.0-rc.2.23480.2, )",
          "Microsoft.AspNetCore.Mvc.Razor.RuntimeCompilation": "[8.0.0-rc.2.23480.2, )",
          "OrchardCore.Abstractions": "[1.8.0-preview, )",
          "OrchardCore.DisplayManagement.Abstractions": "[1.8.0-preview, )"
        }
      },
      "orchardcore.navigation.core": {
        "type": "Project",
        "dependencies": {
          "OrchardCore.Admin.Abstractions": "[1.8.0-preview, )",
          "OrchardCore.Infrastructure.Abstractions": "[1.8.0-preview, )"
        }
      },
      "orchardcore.queries.abstractions": {
        "type": "Project"
      },
      "orchardcore.recipes.abstractions": {
        "type": "Project",
        "dependencies": {
          "Newtonsoft.Json": "[13.0.3, )",
          "OrchardCore.Data.YesSql.Abstractions": "[1.8.0-preview, )"
        }
      },
      "orchardcore.resourcemanagement": {
        "type": "Project",
        "dependencies": {
          "OrchardCore.ResourceManagement.Core": "[1.8.0-preview, )"
        }
      },
      "orchardcore.resourcemanagement.abstractions": {
        "type": "Project"
      },
      "orchardcore.resourcemanagement.core": {
        "type": "Project",
        "dependencies": {
          "OrchardCore.Abstractions": "[1.8.0-preview, )",
          "OrchardCore.ResourceManagement.Abstractions": "[1.8.0-preview, )"
        }
      }
    }
  }
}